
Microsoft Visual Studio Solution File, Format Version 12.00
# Visual Studio Version 17
VisualStudioVersion = 17.14.36616.10 d17.14
MinimumVisualStudioVersion = 10.0.40219.1
Project("{FAE04EC0-301F-11D3-BF4B-00C04F79EFBC}") = "RegustriEmpleados", "RegustriEmpleados\RegustriEmpleados.csproj", "{54A19932-DDF3-48E1-9CED-6E79E5B2CBCE}"
EndProject
Global
	GlobalSection(SolutionConfigurationPlatforms) = preSolution
		Debug|Any CPU = Debug|Any CPU
		Release|Any CPU = Release|Any CPU
	EndGlobalSection
	GlobalSection(ProjectConfigurationPlatforms) = postSolution
		{54A19932-DDF3-48E1-9CED-6E79E5B2CBCE}.Debug|Any CPU.ActiveCfg = Debug|Any CPU
		{54A19932-DDF3-48E1-9CED-6E79E5B2CBCE}.Debug|Any CPU.Build.0 = Debug|Any CPU
		{54A19932-DDF3-48E1-9CED-6E79E5B2CBCE}.Release|Any CPU.ActiveCfg = Release|Any CPU
		{54A19932-DDF3-48E1-9CED-6E79E5B2CBCE}.Release|Any CPU.Build.0 = Release|Any CPU
	EndGlobalSection
	GlobalSection(SolutionProperties) = preSolution
		HideSolutionNode = FALSE
	EndGlobalSection
	GlobalSection(ExtensibilityGlobals) = postSolution
		SolutionGuid = {0E1B9DE3-C713-4569-BE56-325F95F577AA}
	EndGlobalSection
EndGlobal
